{
  "name": "autoresearch",
  "lockfileVersion": 3,
  "requires": true,
  "packages": {
    "": {
      "dependencies": {
        "csgo-sharecode": "^5.0.0"
      }
    },
    "node_modules/csgo-sharecode": {
      "version": "5.0.0",
      "resolved": "https://registry.npmjs.org/csgo-sharecode/-/csgo-sharecode-5.0.0.tgz",
      "integrity": "sha512-ZZhXs5qnOfqz4OUDuR/bxVPwJwqsmjyVGMKUmONLk9USuInhQOvvESaGABk2np04tM1oQcQWlWWsTer3YyiZNQ==",
      "license": "MIT",
      "engines": {
        "node": ">=10.8.0"
      }
    }
  }
}
